PODS:
  - Smooth (0.1.1)

DEPENDENCIES:
  - Smooth (from `/Users/mus/Desktop/mindfullv2/Smooth.swift-master`)

EXTERNAL SOURCES:
  Smooth:
    :path: "/Users/mus/Desktop/mindfullv2/Smooth.swift-master"

SPEC CHECKSUMS:
  Smooth: 39f075995840da769facfc585bf25ce8eceea83c

PODFILE CHECKSUM: 8c31518c4611073dc34daa824af49aa386d41b6c

COCOAPODS: 1.10.1
